github.com/kr/pretty v0.2.1 h1:Fmg33tUaq4/8ym9TJN1x7sLJnHVwhP33CNkpYV/7rwI=
github.com/kr/pretty v0.2.1/go.mod h1:ipq/a2n7PKx3OHsz4KJII5eveXtPO4qwEXGdVfWzfnI=
github.com/kr/text v0.1.0 h1:45sCR5RtlFHMR4UwH9sdQ5TC8v0qDQCHnXt+kaKSTVE=
github.com/kr/text v0.1.0/go.mod h1:4Jbv+DJW3UT/LiOwJeYQe1efqtUx/iVham/4vfdArNI=
github.com/majidkarimizadeh/sdk-modules/abuse v0.0.0-20241218135951-4ed2ff462852 h1:ZPwqw+O+4Ge1j1MvKzSPlhv3gZfcLValsyPEmOsRZ/c=
github.com/majidkarimizadeh/sdk-modules/abuse v0.0.0-20241218135951-4ed2ff462852/go.mod h1:lQt5Q09L4H4sW6+9yAIY6/hu6PwCSJG7xjyiwy7s5a8=
github.com/majidkarimizadeh/sdk-modules/aggregationpack v0.0.0-20241218131958-fa79419b559d h1:Whg3zjkq7N6Jrqb9lRICHW7Xh+cmUV32J9RjX0s8fqA=
github.com/majidkarimizadeh/sdk-modules/aggregationpack v0.0.0-20241218131958-fa79419b559d/go.mod h1:rPYlTKGH0jPiCe42s0R8rJnv4KhpVKN7bCs2ez1Ma84=
github.com/majidkarimizadeh/sdk-modules/dedicatedserver v0.0.0-20241218131958-fa79419b559d h1:yEh1bCRxTjIN5NKKkVKdC+7V2WdHyag5J6VN/6b6K3g=
github.com/majidkarimizadeh/sdk-modules/dedicatedserver v0.0.0-20241218131958-fa79419b559d/go.mod h1:RaBzY82YCGYc+6Zb52PHNsCNh04vM1Pqaf2MLUdMOFg=
github.com/majidkarimizadeh/sdk-modules/dns v0.0.0-20241218131958-fa79419b559d h1:QT14p4/t/YhZz3RwQ651Uj/RaASXkE55NqKbzH/vEbY=
github.com/majidkarimizadeh/sdk-modules/dns v0.0.0-20241218131958-fa79419b559d/go.mod h1:exVsRxzH0z/pEoEyBiPf81Xw37yzSvF4PxozlvCljqI=
github.com/majidkarimizadeh/sdk-modules/invoice v0.0.0-20241218131958-fa79419b559d h1:xziliwVjBDW3pJXEVaC8wOTo5SPVvHmSA4uQCvc2cFA=
github.com/majidkarimizadeh/sdk-modules/invoice v0.0.0-20241218131958-fa79419b559d/go.mod h1:3gNt4BWL43lhMaljyA9nq9ERvhPH+JXW99/QZ6UFp+M=
github.com/majidkarimizadeh/sdk-modules/publiccloud v0.0.0-20241218131958-fa79419b559d h1:sX2FY96h8nzili8ay2t+W/yvDlJpFlTtYOWZeNQYr5Q=
github.com/majidkarimizadeh/sdk-modules/publiccloud v0.0.0-20241218131958-fa79419b559d/go.mod h1:Q7J4ezYTgO5zQHIr0ZnnruLor/Et8Ubyz/29LzEbgk8=
gopkg.in/check.v1 v1.0.0-20201130134442-10cb98267c6c h1:Hei/4ADfdWqJk1ZMxUNpqntNwaWcugrBjAiHlqqRiVk=
gopkg.in/check.v1 v1.0.0-20201130134442-10cb98267c6c/go.mod h1:JHkPIbrfpd72SG/EVd6muEfDQjcINNoR0C8j2r3qZ4Q=
gopkg.in/validator.v2 v2.0.1 h1:xF0KWyGWXm/LM2G1TrEjqOu4pa6coO9AlWSf3msVfDY=
gopkg.in/validator.v2 v2.0.1/go.mod h1:lIUZBlB3Im4s/eYp39Ry/wkR02yOPhZ9IwIRBjuPuG8=
